PODS:
  - Koloda (5.0.1):
    - pop (~> 1.0)
  - pop (1.0.12)

DEPENDENCIES:
  - Koloda

SPEC REPOS:
  trunk:
    - Koloda
    - pop

SPEC CHECKSUMS:
  Koloda: d07b9199a383abc5898b62aa945a599f5e7c0c4b
  pop: d582054913807fd11fd50bfe6a539d91c7e1a55a

PODFILE CHECKSUM: 397b1e94718deedae06381b4c0be255efcbf1d6a

COCOAPODS: 1.11.3
